// !$*UTF8*$!
{
	archiveVersion = 1;
	classes = {
	};
	objectVersion = 56;
	objects = {

/* Begin PBXBuildFile section */
		39677C2F2965BDEC00DD01BD /* AppDelegate.swift in Sources */ = {isa = PBXBuildFile; fileRef = 39677C2E2965BDEC00DD01BD /* AppDelegate.swift */; };
		39677C312965BDEC00DD01BD /* SceneDelegate.swift in Sources */ = {isa = PBXBuildFile; fileRef = 39677C302965BDEC00DD01BD /* SceneDelegate.swift */; };
		39677C332965BDEC00DD01BD /* ViewController.swift in Sources */ = {isa = PBXBuildFile; fileRef = 39677C322965BDEC00DD01BD /* ViewController.swift */; };
		39677C362965BDEC00DD01BD /* Main.storyboard in Resources */ = {isa = PBXBuildFile; fileRef = 39677C342965BDEC00DD01BD /* Main.storyboard */; };
		39677C382965BDED00DD01BD /* Assets.xcassets in Resources */ = {isa = PBXBuildFile; fileRef = 39677C372965BDED00DD01BD /* Assets.xcassets */; };
		39677C3B2965BDED00DD01BD /* LaunchScreen.storyboard in Resources */ = {isa = PBXBuildFile; fileRef = 39677C392965BDED00DD01BD /* LaunchScreen.storyboard */; };
		39677C462965BDED00DD01BD /* PermissionProjectTests.swift in Sources */ = {isa = PBXBuildFile; fileRef = 39677C452965BDED00DD01BD /* PermissionProjectTests.swift */; };
		39677C502965BDED00DD01BD /* PermissionProjectUITests.swift in Sources */ = {isa = PBXBuildFile; fileRef = 39677C4F2965BDED00DD01BD /* PermissionProjectUITests.swift */; };
		39677C522965BDED00DD01BD /* PermissionProjectUITestsLaunchTests.swift in Sources */ = {isa = PBXBuildFile; fileRef = 39677C512965BDED00DD01BD /* PermissionProjectUITestsLaunchTests.swift */; };
/* End PBXBuildFile section */

/* Begin PBXContainerItemProxy section */
		39677C422965BDED00DD01BD /* PBXContainerItemProxy */ = {
			isa = PBXContainerItemProxy;
			containerPortal = 39677C232965BDEC00DD01BD /* Project object */;
			proxyType = 1;
			remoteGlobalIDString = 39677C2A2965BDEC00DD01BD;
			remoteInfo = PermissionProject;
		};
		39677C4C2965BDED00DD01BD /* PBXContainerItemProxy */ = {
			isa = PBXContainerItemProxy;
			containerPortal = 39677C232965BDEC00DD01BD /* Project object */;
			proxyType = 1;
			remoteGlobalIDString = 39677C2A2965BDEC00DD01BD;
			remoteInfo = PermissionProject;
		};
/* End PBXContainerItemProxy section */

/* Begin PBXFileReference section */
		39677C2B2965BDEC00DD01BD /* PermissionProject.app */ = {isa = PBXFileReference; explicitFileType = wrapper.application; includeInIndex = 0; path = PermissionProject.app; sourceTree = BUILT_PRODUCTS_DIR; };
		39677C2E2965BDEC00DD01BD /* AppDelegate.swift */ = {isa = PBXFileReference; lastKnownFileType = sourcecode.swift; path = AppDelegate.swift; sourceTree = "<group>"; };
		39677C302965BDEC00DD01BD /* SceneDelegate.swift */ = {isa = PBXFileReference; lastKnownFileType = sourcecode.swift; path = SceneDelegate.swift; sourceTree = "<group>"; };
		39677C322965BDEC00DD01BD /* ViewController.swift */ = {isa = PBXFileReference; lastKnownFileType = sourcecode.swift; path = ViewController.swift; sourceTree = "<group>"; };
		39677C352965BDEC00DD01BD /* Base */ = {isa = PBXFileReference; lastKnownFileType = file.storyboard; name = Base; path = Base.lproj/Main.storyboard; sourceTree = "<group>"; };
		39677C372965BDED00DD01BD /* Assets.xcassets */ = {isa = PBXFileReference; lastKnownFileType = folder.assetcatalog; path = Assets.xcassets; sourceTree = "<group>"; };
		39677C3A2965BDED00DD01BD /* Base */ = {isa = PBXFileReference; lastKnownFileType = file.storyboard; name = Base; path = Base.lproj/LaunchScreen.storyboard; sourceTree = "<group>"; };
		39677C3C2965BDED00DD01BD /* Info.plist */ = {isa = PBXFileReference; lastKnownFileType = text.plist.xml; path = Info.plist; sourceTree = "<group>"; };
		39677C412965BDED00DD01BD /* PermissionProjectTests.xctest */ = {isa = PBXFileReference; explicitFileType = wrapper.cfbundle; includeInIndex = 0; path = PermissionProjectTests.xctest; sourceTree = BUILT_PRODUCTS_DIR; };
		39677C452965BDED00DD01BD /* PermissionProjectTests.swift */ = {isa = PBXFileReference; lastKnownFileType = sourcecode.swift; path = PermissionProjectTests.swift; sourceTree = "<group>"; };
		39677C4B2965BDED00DD01BD /* PermissionProjectUITests.xctest */ = {isa = PBXFileReference; explicitFileType = wrapper.cfbundle; includeInIndex = 0; path = PermissionProjectUITests.xctest; sourceTree = BUILT_PRODUCTS_DIR; };
		39677C4F2965BDED00DD01BD /* PermissionProjectUITests.swift */ = {isa = PBXFileReference; lastKnownFileType = sourcecode.swift; path = PermissionProjectUITests.swift; sourceTree = "<group>"; };
		39677C512965BDED00DD01BD /* PermissionProjectUITestsLaunchTests.swift */ = {isa = PBXFileReference; lastKnownFileType = sourcecode.swift; path = PermissionProjectUITestsLaunchTests.swift; sourceTree = "<group>"; };
/* End PBXFileReference section */

/* Begin PBXFrameworksBuildPhase section */
		39677C282965BDEC00DD01BD /* Frameworks */ = {
			isa = PBXFrameworksBuildPhase;
			buildActionMask = 2147483647;
			files = (
			);
			runOnlyForDeploymentPostprocessing = 0;
		};
		39677C3E2965BDED00DD01BD /* Frameworks */ = {
			isa = PBXFrameworksBuildPhase;
			buildActionMask = 2147483647;
			files = (
			);
			runOnlyForDeploymentPostprocessing = 0;
		};
		39677C482965BDED00DD01BD /* Frameworks */ = {
			isa = PBXFrameworksBuildPhase;
			buildActionMask = 2147483647;
			files = (
			);
			runOnlyForDeploymentPostprocessing = 0;
		};
/* End PBXFrameworksBuildPhase section */

/* Begin PBXGroup section */
		39677C222965BDEC00DD01BD = {
			isa = PBXGroup;
			children = (
				39677C2D2965BDEC00DD01BD /* PermissionProject */,
				39677C442965BDED00DD01BD /* PermissionProjectTests */,
				39677C4E2965BDED00DD01BD /* PermissionProjectUITests */,
				39677C2C2965BDEC00DD01BD /* Products */,
			);
			sourceTree = "<group>";
		};
		39677C2C2965BDEC00DD01BD /* Products */ = {
			isa = PBXGroup;
			children = (
				39677C2B2965BDEC00DD01BD /* PermissionProject.app */,
				39677C412965BDED00DD01BD /* PermissionProjectTests.xctest */,
				39677C4B2965BDED00DD01BD /* PermissionProjectUITests.xctest */,
			);
			name = Products;
			sourceTree = "<group>";
		};
		39677C2D2965BDEC00DD01BD /* PermissionProject */ = {
			isa = PBXGroup;
			children = (
				39677C2E2965BDEC00DD01BD /* AppDelegate.swift */,
				39677C302965BDEC00DD01BD /* SceneDelegate.swift */,
				39677C322965BDEC00DD01BD /* ViewController.swift */,
				39677C342965BDEC00DD01BD /* Main.storyboard */,
				39677C372965BDED00DD01BD /* Assets.xcassets */,
				39677C392965BDED00DD01BD /* LaunchScreen.storyboard */,
				39677C3C2965BDED00DD01BD /* Info.plist */,
			);
			path = PermissionProject;
			sourceTree = "<group>";
		};
		39677C442965BDED00DD01BD /* PermissionProjectTests */ = {
			isa = PBXGroup;
			children = (
				39677C452965BDED00DD01BD /* PermissionProjectTests.swift */,
			);
			path = PermissionProjectTests;
			sourceTree = "<group>";
		};
		39677C4E2965BDED00DD01BD /* PermissionProjectUITests */ = {
			isa = PBXGroup;
			children = (
				39677C4F2965BDED00DD01BD /* PermissionProjectUITests.swift */,
				39677C512965BDED00DD01BD /* PermissionProjectUITestsLaunchTests.swift */,
			);
			path = PermissionProjectUITests;
			sourceTree = "<group>";
		};
/* End PBXGroup section */

/* Begin PBXNativeTarget section */
		39677C2A2965BDEC00DD01BD /* PermissionProject */ = {
			isa = PBXNativeTarget;
			buildConfigurationList = 39677C552965BDED00DD01BD /* Build configuration list for PBXNativeTarget "PermissionProject" */;
			buildPhases = (
				39677C272965BDEC00DD01BD /* Sources */,
				39677C282965BDEC00DD01BD /* Frameworks */,
				39677C292965BDEC00DD01BD /* Resources */,
			);
			buildRules = (
			);
			dependencies = (
			);
			name = PermissionProject;
			productName = PermissionProject;
			productReference = 39677C2B2965BDEC00DD01BD /* PermissionProject.app */;
			productType = "com.apple.product-type.application";
		};
		39677C402965BDED00DD01BD /* PermissionProjectTests */ = {
			isa = PBXNativeTarget;
			buildConfigurationList = 39677C582965BDED00DD01BD /* Build configuration list for PBXNativeTarget "PermissionProjectTests" */;
			buildPhases = (
				39677C3D2965BDED00DD01BD /* Sources */,
				39677C3E2965BDED00DD01BD /* Frameworks */,
				39677C3F2965BDED00DD01BD /* Resources */,
			);
			buildRules = (
			);
			dependencies = (
				39677C432965BDED00DD01BD /* PBXTargetDependency */,
			);
			name = PermissionProjectTests;
			productName = PermissionProjectTests;
			productReference = 39677C412965BDED00DD01BD /* PermissionProjectTests.xctest */;
			productType = "com.apple.product-type.bundle.unit-test";
		};
		39677C4A2965BDED00DD01BD /* PermissionProjectUITests */ = {
			isa = PBXNativeTarget;
			buildConfigurationList = 39677C5B2965BDED00DD01BD /* Build configuration list for PBXNativeTarget "PermissionProjectUITests" */;
			buildPhases = (
				39677C472965BDED00DD01BD /* Sources */,
				39677C482965BDED00DD01BD /* Frameworks */,
				39677C492965BDED00DD01BD /* Resources */,
			);
			buildRules = (
			);
			dependencies = (
				39677C4D2965BDED00DD01BD /* PBXTargetDependency */,
			);
			name = PermissionProjectUITests;
			productName = PermissionProjectUITests;
			productReference = 39677C4B2965BDED00DD01BD /* PermissionProjectUITests.xctest */;
			productType = "com.apple.product-type.bundle.ui-testing";
		};
/* End PBXNativeTarget section */

/* Begin PBXProject section */
		39677C232965BDEC00DD01BD /* Project object */ = {
			isa = PBXProject;
			attributes = {
				BuildIndependentTargetsInParallel = 1;
				LastSwiftUpdateCheck = 1420;
				LastUpgradeCheck = 1420;
				TargetAttributes = {
					39677C2A2965BDEC00DD01BD = {
						CreatedOnToolsVersion = 14.2;
					};
					39677C402965BDED00DD01BD = {
						CreatedOnToolsVersion = 14.2;
						TestTargetID = 39677C2A2965BDEC00DD01BD;
					};
					39677C4A2965BDED00DD01BD = {
						CreatedOnToolsVersion = 14.2;
						TestTargetID = 39677C2A2965BDEC00DD01BD;
					};
				};
			};
			buildConfigurationList = 39677C262965BDEC00DD01BD /* Build configuration list for PBXProject "PermissionProject" */;
			compatibilityVersion = "Xcode 14.0";
			developmentRegion = en;
			hasScannedForEncodings = 0;
			knownRegions = (
				en,
				Base,
			);
			mainGroup = 39677C222965BDEC00DD01BD;
			productRefGroup = 39677C2C2965BDEC00DD01BD /* Products */;
			projectDirPath = "";
			projectRoot = "";
			targets = (
				39677C2A2965BDEC00DD01BD /* PermissionProject */,
				39677C402965BDED00DD01BD /* PermissionProjectTests */,
				39677C4A2965BDED00DD01BD /* PermissionProjectUITests */,
			);
		};
/* End PBXProject section */

/* Begin PBXResourcesBuildPhase section */
		39677C292965BDEC00DD01BD /* Resources */ = {
			isa = PBXResourcesBuildPhase;
			buildActionMask = 2147483647;
			files = (
				39677C3B2965BDED00DD01BD /* LaunchScreen.storyboard in Resources */,
				39677C382965BDED00DD01BD /* Assets.xcassets in Resources */,
				39677C362965BDEC00DD01BD /* Main.storyboard in Resources */,
			);
			runOnlyForDeploymentPostprocessing = 0;
		};
		39677C3F2965BDED00DD01BD /* Resources */ = {
			isa = PBXResourcesBuildPhase;
			buildActionMask = 2147483647;
			files = (
			);
			runOnlyForDeploymentPostprocessing = 0;
		};
		39677C492965BDED00DD01BD /* Resources */ = {
			isa = PBXResourcesBuildPhase;
			buildActionMask = 2147483647;
			files = (
			);
			runOnlyForDeploymentPostprocessing = 0;
		};
/* End PBXResourcesBuildPhase section */

/* Begin PBXSourcesBuildPhase section */
		39677C272965BDEC00DD01BD /* Sources */ = {
			isa = PBXSourcesBuildPhase;
			buildActionMask = 2147483647;
			files = (
				39677C332965BDEC00DD01BD /* ViewController.swift in Sources */,
				39677C2F2965BDEC00DD01BD /* AppDelegate.swift in Sources */,
				39677C312965BDEC00DD01BD /* SceneDelegate.swift in Sources */,
			);
			runOnlyForDeploymentPostprocessing = 0;
		};
		39677C3D2965BDED00DD01BD /* Sources */ = {
			isa = PBXSourcesBuildPhase;
			buildActionMask = 2147483647;
			files = (
				39677C462965BDED00DD01BD /* PermissionProjectTests.swift in Sources */,
			);
			runOnlyForDeploymentPostprocessing = 0;
		};
		39677C472965BDED00DD01BD /* Sources */ = {
			isa = PBXSourcesBuildPhase;
			buildActionMask = 2147483647;
			files = (
				39677C502965BDED00DD01BD /* PermissionProjectUITests.swift in Sources */,
				39677C522965BDED00DD01BD /* PermissionProjectUITestsLaunchTests.swift in Sources */,
			);
			runOnlyForDeploymentPostprocessing = 0;
		};
/* End PBXSourcesBuildPhase section */

/* Begin PBXTargetDependency section */
		39677C432965BDED00DD01BD /* PBXTargetDependency */ = {
			isa = PBXTargetDependency;
			target = 39677C2A2965BDEC00DD01BD /* PermissionProject */;
			targetProxy = 39677C422965BDED00DD01BD /* PBXContainerItemProxy */;
		};
		39677C4D2965BDED00DD01BD /* PBXTargetDependency */ = {
			isa = PBXTargetDependency;
			target = 39677C2A2965BDEC00DD01BD /* PermissionProject */;
			targetProxy = 39677C4C2965BDED00DD01BD /* PBXContainerItemProxy */;
		};
/* End PBXTargetDependency section */

/* Begin PBXVariantGroup section */
		39677C342965BDEC00DD01BD /* Main.storyboard */ = {
			isa = PBXVariantGroup;
			children = (
				39677C352965BDEC00DD01BD /* Base */,
			);
			name = Main.storyboard;
			sourceTree = "<group>";
		};
		39677C392965BDED00DD01BD /* LaunchScreen.storyboard */ = {
			isa = PBXVariantGroup;
			children = (
				39677C3A2965BDED00DD01BD /* Base */,
			);
			name = LaunchScreen.storyboard;
			sourceTree = "<group>";
		};
/* End PBXVariantGroup section */

/* Begin XCBuildConfiguration section */
		39677C532965BDED00DD01BD /* Debug */ = {
			isa = XCBuildConfiguration;
			buildSettings = {
				ALWAYS_SEARCH_USER_PATHS = NO;
				CLANG_ANALYZER_NONNULL = YES;
				CLANG_ANALYZER_NUMBER_OBJECT_CONVERSION = YES_AGGRESSIVE;
				CLANG_CXX_LANGUAGE_STANDARD = "gnu++20";
				CLANG_ENABLE_MODULES = YES;
				CLANG_ENABLE_OBJC_ARC = YES;
				CLANG_ENABLE_OBJC_WEAK = YES;
				CLANG_WARN_BLOCK_CAPTURE_AUTORELEASING = YES;
				CLANG_WARN_BOOL_CONVERSION = YES;
				CLANG_WARN_COMMA = YES;
				CLANG_WARN_CONSTANT_CONVERSION = YES;
				CLANG_WARN_DEPRECATED_OBJC_IMPLEMENTATIONS = YES;
				CLANG_WARN_DIRECT_OBJC_ISA_USAGE = YES_ERROR;
				CLANG_WARN_DOCUMENTATION_COMMENTS = YES;
				CLANG_WARN_EMPTY_BODY = YES;
				CLANG_WARN_ENUM_CONVERSION = YES;
				CLANG_WARN_INFINITE_RECURSION = YES;
				CLANG_WARN_INT_CONVERSION = YES;
				CLANG_WARN_NON_LITERAL_NULL_CONVERSION = YES;
				CLANG_WARN_OBJC_IMPLICIT_RETAIN_SELF = YES;
				CLANG_WARN_OBJC_LITERAL_CONVERSION = YES;
				CLANG_WARN_OBJC_ROOT_CLASS = YES_ERROR;
				CLANG_WARN_QUOTED_INCLUDE_IN_FRAMEWORK_HEADER = YES;
				CLANG_WARN_RANGE_LOOP_ANALYSIS = YES;
				CLANG_WARN_STRICT_PROTOTYPES = YES;
				CLANG_WARN_SUSPICIOUS_MOVE = YES;
				CLANG_WARN_UNGUARDED_AVAILABILITY = YES_AGGRESSIVE;
				CLANG_WARN_UNREACHABLE_CODE = YES;
				CLANG_WARN__DUPLICATE_METHOD_MATCH = YES;
				COPY_PHASE_STRIP = NO;
				DEBUG_INFORMATION_FORMAT = dwarf;
				ENABLE_STRICT_OBJC_MSGSEND = YES;
				ENABLE_TESTABILITY = YES;
				GCC_C_LANGUAGE_STANDARD = gnu11;
				GCC_DYNAMIC_NO_PIC = NO;
				GCC_NO_COMMON_BLOCKS = YES;
				GCC_OPTIMIZATION_LEVEL = 0;
				GCC_PREPROCESSOR_DEFINITIONS = (
					"DEBUG=1",
					"$(inherited)",
				);
				GCC_WARN_64_TO_32_BIT_CONVERSION = YES;
				GCC_WARN_ABOUT_RETURN_TYPE = YES_ERROR;
				GCC_WARN_UNDECLARED_SELECTOR = YES;
				GCC_WARN_UNINITIALIZED_AUTOS = YES_AGGRESSIVE;
				GCC_WARN_UNUSED_FUNCTION = YES;
				GCC_WARN_UNUSED_VARIABLE = YES;
				IPHONEOS_DEPLOYMENT_TARGET = 16.2;
				MTL_ENABLE_DEBUG_INFO = INCLUDE_SOURCE;
				MTL_FAST_MATH = YES;
				ONLY_ACTIVE_ARCH = YES;
				SDKROOT = iphoneos;
				SWIFT_ACTIVE_COMPILATION_CONDITIONS = DEBUG;
				SWIFT_OPTIMIZATION_LEVEL = "-Onone";
			};
			name = Debug;
		};
		39677C542965BDED00DD01BD /* Release */ = {
			isa = XCBuildConfiguration;
			buildSettings = {
				ALWAYS_SEARCH_USER_PATHS = NO;
				CLANG_ANALYZER_NONNULL = YES;
				CLANG_ANALYZER_NUMBER_OBJECT_CONVERSION = YES_AGGRESSIVE;
				CLANG_CXX_LANGUAGE_STANDARD = "gnu++20";
				CLANG_ENABLE_MODULES = YES;
				CLANG_ENABLE_OBJC_ARC = YES;
				CLANG_ENABLE_OBJC_WEAK = YES;
				CLANG_WARN_BLOCK_CAPTURE_AUTORELEASING = YES;
				CLANG_WARN_BOOL_CONVERSION = YES;
				CLANG_WARN_COMMA = YES;
				CLANG_WARN_CONSTANT_CONVERSION = YES;
				CLANG_WARN_DEPRECATED_OBJC_IMPLEMENTATIONS = YES;
				CLANG_WARN_DIRECT_OBJC_ISA_USAGE = YES_ERROR;
				CLANG_WARN_DOCUMENTATION_COMMENTS = YES;
				CLANG_WARN_EMPTY_BODY = YES;
				CLANG_WARN_ENUM_CONVERSION = YES;
				CLANG_WARN_INFINITE_RECURSION = YES;
				CLANG_WARN_INT_CONVERSION = YES;
				CLANG_WARN_NON_LITERAL_NULL_CONVERSION = YES;
				CLANG_WARN_OBJC_IMPLICIT_RETAIN_SELF = YES;
				CLANG_WARN_OBJC_LITERAL_CONVERSION = YES;
				CLANG_WARN_OBJC_ROOT_CLASS = YES_ERROR;
				CLANG_WARN_QUOTED_INCLUDE_IN_FRAMEWORK_HEADER = YES;
				CLANG_WARN_RANGE_LOOP_ANALYSIS = YES;
				CLANG_WARN_STRICT_PROTOTYPES = YES;
				CLANG_WARN_SUSPICIOUS_MOVE = YES;
				CLANG_WARN_UNGUARDED_AVAILABILITY = YES_AGGRESSIVE;
				CLANG_WARN_UNREACHABLE_CODE = YES;
				CLANG_WARN__DUPLICATE_METHOD_MATCH = YES;
				COPY_PHASE_STRIP = NO;
				DEBUG_INFORMATION_FORMAT = "dwarf-with-dsym";
				ENABLE_NS_ASSERTIONS = NO;
				ENABLE_STRICT_OBJC_MSGSEND = YES;
				GCC_C_LANGUAGE_STANDARD = gnu11;
				GCC_NO_COMMON_BLOCKS = YES;
				GCC_WARN_64_TO_32_BIT_CONVERSION = YES;
				GCC_WARN_ABOUT_RETURN_TYPE = YES_ERROR;
				GCC_WARN_UNDECLARED_SELECTOR = YES;
				GCC_WARN_UNINITIALIZED_AUTOS = YES_AGGRESSIVE;
				GCC_WARN_UNUSED_FUNCTION = YES;
				GCC_WARN_UNUSED_VARIABLE = YES;
				IPHONEOS_DEPLOYMENT_TARGET = 16.2;
				MTL_ENABLE_DEBUG_INFO = NO;
				MTL_FAST_MATH = YES;
				SDKROOT = iphoneos;
				SWIFT_COMPILATION_MODE = wholemodule;
				SWIFT_OPTIMIZATION_LEVEL = "-O";
				VALIDATE_PRODUCT = YES;
			};
			name = Release;
		};
		39677C562965BDED00DD01BD /* Debug */ = {
			isa = XCBuildConfiguration;
			buildSettings = {
				ASSETCATALOG_COMPILER_APPICON_NAME = AppIcon;
				ASSETCATALOG_COMPILER_GLOBAL_ACCENT_COLOR_NAME = AccentColor;
				CODE_SIGN_STYLE = Automatic;
				CURRENT_PROJECT_VERSION = 1;
				DEVELOPMENT_TEAM = L8KKUCWRA4;
				GENERATE_INFOPLIST_FILE = YES;
				INFOPLIST_FILE = PermissionProject/Info.plist;
				INFOPLIST_KEY_UIApplicationSupportsIndirectInputEvents = YES;
				INFOPLIST_KEY_UILaunchStoryboardName = LaunchScreen;
				INFOPLIST_KEY_UIMainStoryboardFile = Main;
				INFOPLIST_KEY_UISupportedInterfaceOrientations_iPad = "UIInterfaceOrientationPortrait UIInterfaceOrientationPortraitUpsideDown UIInterfaceOrientationLandscapeLeft UIInterfaceOrientationLandscapeRight";
				INFOPLIST_KEY_UISupportedInterfaceOrientations_iPhone = "UIInterfaceOrientationPortrait UIInterfaceOrientationLandscapeLeft UIInterfaceOrientationLandscapeRight";
				LD_RUNPATH_SEARCH_PATHS = (
					"$(inherited)",
					"@executable_path/Frameworks",
				);
				MARKETING_VERSION = 1.0;
				PRODUCT_BUNDLE_IDENTIFIER = mcc.io.PermissionProject;
				PRODUCT_NAME = "$(TARGET_NAME)";
				SWIFT_EMIT_LOC_STRINGS = YES;
				SWIFT_VERSION = 5.0;
				TARGETED_DEVICE_FAMILY = "1,2";
			};
			name = Debug;
		};
		39677C572965BDED00DD01BD /* Release */ = {
			isa = XCBuildConfiguration;
			buildSettings = {
				ASSETCATALOG_COMPILER_APPICON_NAME = AppIcon;
				ASSETCATALOG_COMPILER_GLOBAL_ACCENT_COLOR_NAME = AccentColor;
				CODE_SIGN_STYLE = Automatic;
				CURRENT_PROJECT_VERSION = 1;
				DEVELOPMENT_TEAM = L8KKUCWRA4;
				GENERATE_INFOPLIST_FILE = YES;
				INFOPLIST_FILE = PermissionProject/Info.plist;
				INFOPLIST_KEY_UIApplicationSupportsIndirectInputEvents = YES;
				INFOPLIST_KEY_UILaunchStoryboardName = LaunchScreen;
				INFOPLIST_KEY_UIMainStoryboardFile = Main;
				INFOPLIST_KEY_UISupportedInterfaceOrientations_iPad = "UIInterfaceOrientationPortrait UIInterfaceOrientationPortraitUpsideDown UIInterfaceOrientationLandscapeLeft UIInterfaceOrientationLandscapeRight";
				INFOPLIST_KEY_UISupportedInterfaceOrientations_iPhone = "UIInterfaceOrientationPortrait UIInterfaceOrientationLandscapeLeft UIInterfaceOrientationLandscapeRight";
				LD_RUNPATH_SEARCH_PATHS = (
					"$(inherited)",
					"@executable_path/Frameworks",
				);
				MARKETING_VERSION = 1.0;
				PRODUCT_BUNDLE_IDENTIFIER = mcc.io.PermissionProject;
				PRODUCT_NAME = "$(TARGET_NAME)";
				SWIFT_EMIT_LOC_STRINGS = YES;
				SWIFT_VERSION = 5.0;
				TARGETED_DEVICE_FAMILY = "1,2";
			};
			name = Release;
		};
		39677C592965BDED00DD01BD /* Debug */ = {
			isa = XCBuildConfiguration;
			buildSettings = {
				ALWAYS_EMBED_SWIFT_STANDARD_LIBRARIES = YES;
				BUNDLE_LOADER = "$(TEST_HOST)";
				CODE_SIGN_STYLE = Automatic;
				CURRENT_PROJECT_VERSION = 1;
				DEVELOPMENT_TEAM = L8KKUCWRA4;
				GENERATE_INFOPLIST_FILE = YES;
				IPHONEOS_DEPLOYMENT_TARGET = 16.2;
				MARKETING_VERSION = 1.0;
				PRODUCT_BUNDLE_IDENTIFIER = mcc.io.PermissionProjectTests;
				PRODUCT_NAME = "$(TARGET_NAME)";
				SWIFT_EMIT_LOC_STRINGS = NO;
				SWIFT_VERSION = 5.0;
				TARGETED_DEVICE_FAMILY = "1,2";
				TEST_HOST = "$(BUILT_PRODUCTS_DIR)/PermissionProject.app/$(BUNDLE_EXECUTABLE_FOLDER_PATH)/PermissionProject";
			};
			name = Debug;
		};
		39677C5A2965BDED00DD01BD /* Release */ = {
			isa = XCBuildConfiguration;
			buildSettings = {
				ALWAYS_EMBED_SWIFT_STANDARD_LIBRARIES = YES;
				BUNDLE_LOADER = "$(TEST_HOST)";
				CODE_SIGN_STYLE = Automatic;
				CURRENT_PROJECT_VERSION = 1;
				DEVELOPMENT_TEAM = L8KKUCWRA4;
				GENERATE_INFOPLIST_FILE = YES;
				IPHONEOS_DEPLOYMENT_TARGET = 16.2;
				MARKETING_VERSION = 1.0;
				PRODUCT_BUNDLE_IDENTIFIER = mcc.io.PermissionProjectTests;
				PRODUCT_NAME = "$(TARGET_NAME)";
				SWIFT_EMIT_LOC_STRINGS = NO;
				SWIFT_VERSION = 5.0;
				TARGETED_DEVICE_FAMILY = "1,2";
				TEST_HOST = "$(BUILT_PRODUCTS_DIR)/PermissionProject.app/$(BUNDLE_EXECUTABLE_FOLDER_PATH)/PermissionProject";
			};
			name = Release;
		};
		39677C5C2965BDED00DD01BD /* Debug */ = {
			isa = XCBuildConfiguration;
			buildSettings = {
				ALWAYS_EMBED_SWIFT_STANDARD_LIBRARIES = YES;
				CODE_SIGN_STYLE = Automatic;
				CURRENT_PROJECT_VERSION = 1;
				DEVELOPMENT_TEAM = L8KKUCWRA4;
				GENERATE_INFOPLIST_FILE = YES;
				MARKETING_VERSION = 1.0;
				PRODUCT_BUNDLE_IDENTIFIER = mcc.io.PermissionProjectUITests;
				PRODUCT_NAME = "$(TARGET_NAME)";
				SWIFT_EMIT_LOC_STRINGS = NO;
				SWIFT_VERSION = 5.0;
				TARGETED_DEVICE_FAMILY = "1,2";
				TEST_TARGET_NAME = PermissionProject;
			};
			name = Debug;
		};
		39677C5D2965BDED00DD01BD /* Release */ = {
			isa = XCBuildConfiguration;
			buildSettings = {
				ALWAYS_EMBED_SWIFT_STANDARD_LIBRARIES = YES;
				CODE_SIGN_STYLE = Automatic;
				CURRENT_PROJECT_VERSION = 1;
				DEVELOPMENT_TEAM = L8KKUCWRA4;
				GENERATE_INFOPLIST_FILE = YES;
				MARKETING_VERSION = 1.0;
				PRODUCT_BUNDLE_IDENTIFIER = mcc.io.PermissionProjectUITests;
				PRODUCT_NAME = "$(TARGET_NAME)";
				SWIFT_EMIT_LOC_STRINGS = NO;
				SWIFT_VERSION = 5.0;
				TARGETED_DEVICE_FAMILY = "1,2";
				TEST_TARGET_NAME = PermissionProject;
			};
			name = Release;
		};
/* End XCBuildConfiguration section */

/* Begin XCConfigurationList section */
		39677C262965BDEC00DD01BD /* Build configuration list for PBXProject "PermissionProject" */ = {
			isa = XCConfigurationList;
			buildConfigurations = (
				39677C532965BDED00DD01BD /* Debug */,
				39677C542965BDED00DD01BD /* Release */,
			);
			defaultConfigurationIsVisible = 0;
			defaultConfigurationName = Release;
		};
		39677C552965BDED00DD01BD /* Build configuration list for PBXNativeTarget "PermissionProject" */ = {
			isa = XCConfigurationList;
			buildConfigurations = (
				39677C562965BDED00DD01BD /* Debug */,
				39677C572965BDED00DD01BD /* Release */,
			);
			defaultConfigurationIsVisible = 0;
			defaultConfigurationName = Release;
		};
		39677C582965BDED00DD01BD /* Build configuration list for PBXNativeTarget "PermissionProjectTests" */ = {
			isa = XCConfigurationList;
			buildConfigurations = (
				39677C592965BDED00DD01BD /* Debug */,
				39677C5A2965BDED00DD01BD /* Release */,
			);
			defaultConfigurationIsVisible = 0;
			defaultConfigurationName = Release;
		};
		39677C5B2965BDED00DD01BD /* Build configuration list for PBXNativeTarget "PermissionProjectUITests" */ = {
			isa = XCConfigurationList;
			buildConfigurations = (
				39677C5C2965BDED00DD01BD /* Debug */,
				39677C5D2965BDED00DD01BD /* Release */,
			);
			defaultConfigurationIsVisible = 0;
			defaultConfigurationName = Release;
		};
/* End XCConfigurationList section */
	};
	rootObject = 39677C232965BDEC00DD01BD /* Project object */;
}
